
Microsoft Visual Studio Solution File, Format Version 12.00
# Visual Studio Version 17
VisualStudioVersion = 17.3.32922.545
MinimumVisualStudioVersion = 10.0.40219.1
Project("{9A19103F-16F7-4668-BE54-9A1E7A4F7556}") = "GarageManagement", "GarageManagement\GarageManagement.csproj", "{9C22FD83-DFFC-44DD-871F-534FB9E962F3}"
EndProject
Global
	GlobalSection(SolutionConfigurationPlatforms) = preSolution
		Debug|Any CPU = Debug|Any CPU
		Release|Any CPU = Release|Any CPU
	EndGlobalSection
	GlobalSection(ProjectConfigurationPlatforms) = postSolution
		{9C22FD83-DFFC-44DD-871F-534FB9E962F3}.Debug|Any CPU.ActiveCfg = Debug|Any CPU
		{9C22FD83-DFFC-44DD-871F-534FB9E962F3}.Debug|Any CPU.Build.0 = Debug|Any CPU
		{9C22FD83-DFFC-44DD-871F-534FB9E962F3}.Release|Any CPU.ActiveCfg = Release|Any CPU
		{9C22FD83-DFFC-44DD-871F-534FB9E962F3}.Release|Any CPU.Build.0 = Release|Any CPU
	EndGlobalSection
	GlobalSection(SolutionProperties) = preSolution
		HideSolutionNode = FALSE
	EndGlobalSection
	GlobalSection(ExtensibilityGlobals) = postSolution
		SolutionGuid = {BE6D9265-4881-49A7-9BCB-343BFFA09601}
	EndGlobalSection
EndGlobal
